<?xml version="1.0" encoding="utf-8"?>
<Project ToolsVersion="4.0" xmlns="http://schemas.microsoft.com/developer/msbuild/2003">
  <ItemGroup>
    <Filter Include="源文件">
      <UniqueIdentifier>{4FC737F1-C7A5-4376-A066-2A32D752A2FF}</UniqueIdentifier>
      <Extensions>cpp;c;cc;cxx;def;odl;idl;hpj;bat;asm;asmx</Extensions>
    </Filter>
    <Filter Include="头文件">
      <UniqueIdentifier>{93995380-89BD-4b04-88EB-625FBE52EBFB}</UniqueIdentifier>
      <Extensions>h;hh;hpp;hxx;hm;inl;inc;xsd</Extensions>
    </Filter>
    <Filter Include="资源文件">
      <UniqueIdentifier>{67DA6AB6-F800-4c08-8B7A-83BB121AAD01}</UniqueIdentifier>
      <Extensions>rc;ico;cur;bmp;dlg;rc2;rct;bin;rgs;gif;jpg;jpeg;jpe;resx;tiff;tif;png;wav;mfcribbon-ms</Extensions>
    </Filter>
    <Filter Include="头文件\LinkList">
      <UniqueIdentifier>{fdace3ab-2e34-4f9f-9acc-ce1f323b050e}</UniqueIdentifier>
    </Filter>
    <Filter Include="头文件\Stack">
      <UniqueIdentifier>{f870e154-7c28-4961-b9ef-55896e5944c5}</UniqueIdentifier>
    </Filter>
    <Filter Include="头文件\Array">
      <UniqueIdentifier>{5f1de746-35bf-4c4e-b15a-91f9364d3820}</UniqueIdentifier>
    </Filter>
    <Filter Include="头文件\BinaryTree">
      <UniqueIdentifier>{0397ef29-8ed5-4337-a14d-3887973d25ed}</UniqueIdentifier>
    </Filter>
    <Filter Include="头文件\Graph">
      <UniqueIdentifier>{aab1b9b7-f820-4d1d-843c-5911c67bb537}</UniqueIdentifier>
    </Filter>
    <Filter Include="头文件\Queue">
      <UniqueIdentifier>{d281e568-b721-485b-b943-db65b71c9da5}</UniqueIdentifier>
    </Filter>
  </ItemGroup>
  <ItemGroup>
    <Text Include="ReadMe.txt" />
  </ItemGroup>
  <ItemGroup>
    <ClInclude Include="stdafx.h">
      <Filter>头文件</Filter>
    </ClInclude>
    <ClInclude Include="targetver.h">
      <Filter>头文件</Filter>
    </ClInclude>
    <ClInclude Include="View.h">
      <Filter>头文件</Filter>
    </ClInclude>
    <ClInclude Include="Array.h">
      <Filter>头文件\Array</Filter>
    </ClInclude>
    <ClInclude Include="Binarytree.h">
      <Filter>头文件\BinaryTree</Filter>
    </ClInclude>
    <ClInclude Include="Graph.h">
      <Filter>头文件\Graph</Filter>
    </ClInclude>
    <ClInclude Include="LinkList.h">
      <Filter>头文件\LinkList</Filter>
    </ClInclude>
    <ClInclude Include="Stack.h">
      <Filter>头文件\Stack</Filter>
    </ClInclude>
    <ClInclude Include="通讯录.h">
      <Filter>头文件\LinkList</Filter>
    </ClInclude>
    <ClInclude Include="表达式求解.h">
      <Filter>头文件\Stack</Filter>
    </ClInclude>
    <ClInclude Include="Huffman编码.h">
      <Filter>头文件\BinaryTree</Filter>
    </ClInclude>
    <ClInclude Include="图的遍历.h">
      <Filter>头文件\Graph</Filter>
    </ClInclude>
    <ClInclude Include="Queue.h">
      <Filter>头文件\Queue</Filter>
    </ClInclude>
  </ItemGroup>
  <ItemGroup>
    <ClCompile Include="stdafx.cpp">
      <Filter>源文件</Filter>
    </ClCompile>
    <ClCompile Include="数据结构课程设计.cpp">
      <Filter>源文件</Filter>
    </ClCompile>
  </ItemGroup>
</Project>